
Microsoft Visual Studio Solution File, Format Version 12.00
# Visual Studio Version 17
VisualStudioVersion = 17.4.33213.308
MinimumVisualStudioVersion = 10.0.40219.1
Project("{FAE04EC0-301F-11D3-BF4B-00C04F79EFBC}") = "JogoDaVelha", "JogoDaVelha\JogoDaVelha.csproj", "{CE338B4A-F53E-4D56-BDA7-509EF50B7D77}"
EndProject
Global
	GlobalSection(SolutionConfigurationPlatforms) = preSolution
		Debug|Any CPU = Debug|Any CPU
		Release|Any CPU = Release|Any CPU
	EndGlobalSection
	GlobalSection(ProjectConfigurationPlatforms) = postSolution
		{CE338B4A-F53E-4D56-BDA7-509EF50B7D77}.Debug|Any CPU.ActiveCfg = Debug|Any CPU
		{CE338B4A-F53E-4D56-BDA7-509EF50B7D77}.Debug|Any CPU.Build.0 = Debug|Any CPU
		{CE338B4A-F53E-4D56-BDA7-509EF50B7D77}.Release|Any CPU.ActiveCfg = Release|Any CPU
		{CE338B4A-F53E-4D56-BDA7-509EF50B7D77}.Release|Any CPU.Build.0 = Release|Any CPU
	EndGlobalSection
	GlobalSection(SolutionProperties) = preSolution
		HideSolutionNode = FALSE
	EndGlobalSection
	GlobalSection(ExtensibilityGlobals) = postSolution
		SolutionGuid = {F8C70079-F937-4E49-96C7-1A24135D9740}
	EndGlobalSection
EndGlobal
